
Microsoft Visual Studio Solution File, Format Version 12.00
# Visual Studio Version 17
VisualStudioVersion = 17.9.34728.123
MinimumVisualStudioVersion = 10.0.40219.1
Project("{9A19103F-16F7-4668-BE54-9A1E7A4F7556}") = "MinimalAPI", "MinimalAPI\MinimalAPI.csproj", "{17206197-46F4-44C2-A195-A92B89303F5A}"
EndProject
Global
	GlobalSection(SolutionConfigurationPlatforms) = preSolution
		Debug|Any CPU = Debug|Any CPU
		Release|Any CPU = Release|Any CPU
	EndGlobalSection
	GlobalSection(ProjectConfigurationPlatforms) = postSolution
		{17206197-46F4-44C2-A195-A92B89303F5A}.Debug|Any CPU.ActiveCfg = Debug|Any CPU
		{17206197-46F4-44C2-A195-A92B89303F5A}.Debug|Any CPU.Build.0 = Debug|Any CPU
		{17206197-46F4-44C2-A195-A92B89303F5A}.Release|Any CPU.ActiveCfg = Release|Any CPU
		{17206197-46F4-44C2-A195-A92B89303F5A}.Release|Any CPU.Build.0 = Release|Any CPU
	EndGlobalSection
	GlobalSection(SolutionProperties) = preSolution
		HideSolutionNode = FALSE
	EndGlobalSection
	GlobalSection(ExtensibilityGlobals) = postSolution
		SolutionGuid = {76C81F85-280B-4DC4-BC36-A47CA6F47ADC}
	EndGlobalSection
EndGlobal
